
Microsoft Visual Studio Solution File, Format Version 12.00
# Visual Studio Version 17
VisualStudioVersion = 17.12.35728.132
MinimumVisualStudioVersion = 10.0.40219.1
Project("{2150E333-8FDC-42A3-9474-1A3956D46DE8}") = "src", "src", "{85BAE5A9-A8CB-4B93-BB07-F021412F6A72}"
EndProject
Project("{2150E333-8FDC-42A3-9474-1A3956D46DE8}") = "test", "test", "{75481EDA-80F5-4A94-96A2-B5CD9F1302B9}"
EndProject
Project("{FAE04EC0-301F-11D3-BF4B-00C04F79EFBC}") = "BookInn.Domain", "BookInn.Domain\BookInn.Domain.csproj", "{D7E9560C-6BE8-4DCB-9F2A-5650DD45A7EA}"
EndProject
Project("{FAE04EC0-301F-11D3-BF4B-00C04F79EFBC}") = "BookInn.Application", "BookInn.Application\BookInn.Application.csproj", "{5B0D2684-C5C3-491A-ABA7-141316117B17}"
EndProject
Project("{FAE04EC0-301F-11D3-BF4B-00C04F79EFBC}") = "BookInn.Infrastructure", "BookInn.Infrastructure\BookInn.Infrastructure.csproj", "{C4312639-005E-4084-8127-2FF6CE7FE62F}"
EndProject
Project("{FAE04EC0-301F-11D3-BF4B-00C04F79EFBC}") = "BookInn.Api", "BookInn.Api\BookInn.Api.csproj", "{1056429E-9E9F-46F4-BF60-F61446784A8A}"
EndProject
Project("{E53339B2-1760-4266-BCC7-CA923CBCF16C}") = "docker-compose", "docker-compose.dcproj", "{F2067E5C-FA90-48AC-B47E-3FFEDD18A2EA}"
EndProject
Global
	GlobalSection(SolutionConfigurationPlatforms) = preSolution
		Debug|Any CPU = Debug|Any CPU
		Release|Any CPU = Release|Any CPU
	EndGlobalSection
	GlobalSection(ProjectConfigurationPlatforms) = postSolution
		{D7E9560C-6BE8-4DCB-9F2A-5650DD45A7EA}.Debug|Any CPU.ActiveCfg = Debug|Any CPU
		{D7E9560C-6BE8-4DCB-9F2A-5650DD45A7EA}.Debug|Any CPU.Build.0 = Debug|Any CPU
		{D7E9560C-6BE8-4DCB-9F2A-5650DD45A7EA}.Release|Any CPU.ActiveCfg = Release|Any CPU
		{D7E9560C-6BE8-4DCB-9F2A-5650DD45A7EA}.Release|Any CPU.Build.0 = Release|Any CPU
		{5B0D2684-C5C3-491A-ABA7-141316117B17}.Debug|Any CPU.ActiveCfg = Debug|Any CPU
		{5B0D2684-C5C3-491A-ABA7-141316117B17}.Debug|Any CPU.Build.0 = Debug|Any CPU
		{5B0D2684-C5C3-491A-ABA7-141316117B17}.Release|Any CPU.ActiveCfg = Release|Any CPU
		{5B0D2684-C5C3-491A-ABA7-141316117B17}.Release|Any CPU.Build.0 = Release|Any CPU
		{C4312639-005E-4084-8127-2FF6CE7FE62F}.Debug|Any CPU.ActiveCfg = Debug|Any CPU
		{C4312639-005E-4084-8127-2FF6CE7FE62F}.Debug|Any CPU.Build.0 = Debug|Any CPU
		{C4312639-005E-4084-8127-2FF6CE7FE62F}.Release|Any CPU.ActiveCfg = Release|Any CPU
		{C4312639-005E-4084-8127-2FF6CE7FE62F}.Release|Any CPU.Build.0 = Release|Any CPU
		{1056429E-9E9F-46F4-BF60-F61446784A8A}.Debug|Any CPU.ActiveCfg = Debug|Any CPU
		{1056429E-9E9F-46F4-BF60-F61446784A8A}.Debug|Any CPU.Build.0 = Debug|Any CPU
		{1056429E-9E9F-46F4-BF60-F61446784A8A}.Release|Any CPU.ActiveCfg = Release|Any CPU
		{1056429E-9E9F-46F4-BF60-F61446784A8A}.Release|Any CPU.Build.0 = Release|Any CPU
		{F2067E5C-FA90-48AC-B47E-3FFEDD18A2EA}.Debug|Any CPU.ActiveCfg = Debug|Any CPU
		{F2067E5C-FA90-48AC-B47E-3FFEDD18A2EA}.Debug|Any CPU.Build.0 = Debug|Any CPU
		{F2067E5C-FA90-48AC-B47E-3FFEDD18A2EA}.Release|Any CPU.ActiveCfg = Release|Any CPU
		{F2067E5C-FA90-48AC-B47E-3FFEDD18A2EA}.Release|Any CPU.Build.0 = Release|Any CPU
	EndGlobalSection
	GlobalSection(SolutionProperties) = preSolution
		HideSolutionNode = FALSE
	EndGlobalSection
	GlobalSection(NestedProjects) = preSolution
		{D7E9560C-6BE8-4DCB-9F2A-5650DD45A7EA} = {85BAE5A9-A8CB-4B93-BB07-F021412F6A72}
		{5B0D2684-C5C3-491A-ABA7-141316117B17} = {85BAE5A9-A8CB-4B93-BB07-F021412F6A72}
		{C4312639-005E-4084-8127-2FF6CE7FE62F} = {85BAE5A9-A8CB-4B93-BB07-F021412F6A72}
		{1056429E-9E9F-46F4-BF60-F61446784A8A} = {85BAE5A9-A8CB-4B93-BB07-F021412F6A72}
	EndGlobalSection
EndGlobal
